
Microsoft Visual Studio Solution File, Format Version 12.00
# Visual Studio Version 16
VisualStudioVersion = 16.0.32413.511
MinimumVisualStudioVersion = 10.0.40219.1
Project("{FAE04EC0-301F-11D3-BF4B-00C04F79EFBC}") = "Project", "DXApplication1\Project.csproj", "{BCCCDDE6-852F-408C-8A5B-B3035ED14096}"
EndProject
Global
	GlobalSection(SolutionConfigurationPlatforms) = preSolution
		Debug|Any CPU = Debug|Any CPU
		Release|Any CPU = Release|Any CPU
	EndGlobalSection
	GlobalSection(ProjectConfigurationPlatforms) = postSolution
		{BCCCDDE6-852F-408C-8A5B-B3035ED14096}.Debug|Any CPU.ActiveCfg = Debug|Any CPU
		{BCCCDDE6-852F-408C-8A5B-B3035ED14096}.Debug|Any CPU.Build.0 = Debug|Any CPU
		{BCCCDDE6-852F-408C-8A5B-B3035ED14096}.Release|Any CPU.ActiveCfg = Release|Any CPU
		{BCCCDDE6-852F-408C-8A5B-B3035ED14096}.Release|Any CPU.Build.0 = Release|Any CPU
	EndGlobalSection
	GlobalSection(SolutionProperties) = preSolution
		HideSolutionNode = FALSE
	EndGlobalSection
	GlobalSection(ExtensibilityGlobals) = postSolution
		SolutionGuid = {8EC57C47-EE66-46C8-8407-B1A7AD8D8F19}
	EndGlobalSection
EndGlobal
